<?xml version="1.0" encoding="utf-8"?>
<Project ToolsVersion="4.0" xmlns="http://schemas.microsoft.com/developer/msbuild/2003">
  <ItemGroup>
    <Filter Include="Quellcodedateien">
      <UniqueIdentifier>{efbcd636-62eb-4a7a-8a18-d18862f19985}</UniqueIdentifier>
      <Extensions>cpp;c;cxx;rc;def;r;odl;idl;hpj;bat</Extensions>
    </Filter>
    <Filter Include="Header-Dateien">
      <UniqueIdentifier>{86b8aa66-ffdb-4abc-8a75-5b4ad2303b20}</UniqueIdentifier>
      <Extensions>h;hpp;hxx;hm;inl</Extensions>
    </Filter>
    <Filter Include="Ressourcendateien">
      <UniqueIdentifier>{2b1a230a-4478-46d1-8cd6-45fbf35e4177}</UniqueIdentifier>
      <Extensions>ico;cur;bmp;dlg;rc2;rct;bin;rgs;gif;jpg;jpeg;jpe</Extensions>
    </Filter>
  </ItemGroup>
  <ItemGroup>
    <ClCompile Include="brainbay.cpp">
      <Filter>Quellcodedateien</Filter>
    </ClCompile>
    <ClCompile Include="dialogs.cpp">
      <Filter>Quellcodedateien</Filter>
    </ClCompile>
    <ClCompile Include="draw.cpp">
      <Filter>Quellcodedateien</Filter>
    </ClCompile>
    <ClCompile Include="files.cpp">
      <Filter>Quellcodedateien</Filter>
    </ClCompile>
    <ClCompile Include="globals.cpp">
      <Filter>Quellcodedateien</Filter>
    </ClCompile>
    <ClCompile Include="midi.cpp">
      <Filter>Quellcodedateien</Filter>
    </ClCompile>
    <ClCompile Include="ob_and.cpp">
      <Filter>Quellcodedateien</Filter>
    </ClCompile>
    <ClCompile Include="ob_array3600.cpp">
      <Filter>Quellcodedateien</Filter>
    </ClCompile>
    <ClCompile Include="ob_average.cpp">
      <Filter>Quellcodedateien</Filter>
    </ClCompile>
    <ClCompile Include="ob_avi.cpp">
      <Filter>Quellcodedateien</Filter>
    </ClCompile>
    <ClCompile Include="ob_ballgame.cpp">
      <Filter>Quellcodedateien</Filter>
    </ClCompile>
    <ClCompile Include="ob_cam.cpp">
      <Filter>Quellcodedateien</Filter>
    </ClCompile>
    <ClCompile Include="ob_com_writer.cpp">
      <Filter>Quellcodedateien</Filter>
    </ClCompile>
    <ClCompile Include="ob_compare.cpp">
      <Filter>Quellcodedateien</Filter>
    </ClCompile>
    <ClCompile Include="ob_comreader.cpp">
      <Filter>Quellcodedateien</Filter>
    </ClCompile>
    <ClCompile Include="ob_constant.cpp">
      <Filter>Quellcodedateien</Filter>
    </ClCompile>
    <ClCompile Include="ob_correlation.cpp">
      <Filter>Quellcodedateien</Filter>
    </ClCompile>
    <ClCompile Include="ob_counter.cpp">
      <Filter>Quellcodedateien</Filter>
    </ClCompile>
    <ClCompile Include="ob_debounce.cpp">
      <Filter>Quellcodedateien</Filter>
    </ClCompile>
    <ClCompile Include="ob_deviation.cpp">
      <Filter>Quellcodedateien</Filter>
    </ClCompile>
    <ClCompile Include="ob_doku.cpp">
      <Filter>Quellcodedateien</Filter>
    </ClCompile>
    <ClCompile Include="ob_edf_reader.cpp">
      <Filter>Quellcodedateien</Filter>
    </ClCompile>
    <ClCompile Include="ob_edf_writer.cpp">
      <Filter>Quellcodedateien</Filter>
    </ClCompile>
    <ClCompile Include="ob_eeg.cpp">
      <Filter>Quellcodedateien</Filter>
    </ClCompile>
    <ClCompile Include="ob_erpdetect.cpp">
      <Filter>Quellcodedateien</Filter>
    </ClCompile>
    <ClCompile Include="ob_evaluator.cpp">
      <Filter>Quellcodedateien</Filter>
    </ClCompile>
    <ClCompile Include="ob_fft.cpp">
      <Filter>Quellcodedateien</Filter>
    </ClCompile>
    <ClCompile Include="ob_file_reader.cpp">
      <Filter>Quellcodedateien</Filter>
    </ClCompile>
    <ClCompile Include="ob_file_writer.cpp">
      <Filter>Quellcodedateien</Filter>
    </ClCompile>
    <ClCompile Include="ob_filter.cpp">
      <Filter>Quellcodedateien</Filter>
    </ClCompile>
    <ClCompile Include="ob_integrate.cpp">
      <Filter>Quellcodedateien</Filter>
    </ClCompile>
    <ClCompile Include="ob_keystrike.cpp">
      <Filter>Quellcodedateien</Filter>
    </ClCompile>
    <ClCompile Include="ob_magnitude.cpp">
      <Filter>Quellcodedateien</Filter>
    </ClCompile>
    <ClCompile Include="ob_martini.cpp">
      <Filter>Quellcodedateien</Filter>
    </ClCompile>
    <ClCompile Include="ob_matlab.cpp">
      <Filter>Quellcodedateien</Filter>
    </ClCompile>
    <ClCompile Include="ob_mci.cpp">
      <Filter>Quellcodedateien</Filter>
    </ClCompile>
    <ClCompile Include="ob_midi.cpp">
      <Filter>Quellcodedateien</Filter>
    </ClCompile>
    <ClCompile Include="ob_mixer4.cpp">
      <Filter>Quellcodedateien</Filter>
    </ClCompile>
    <ClCompile Include="ob_mouse.cpp">
      <Filter>Quellcodedateien</Filter>
    </ClCompile>
    <ClCompile Include="ob_not.cpp">
      <Filter>Quellcodedateien</Filter>
    </ClCompile>
    <ClCompile Include="ob_or.cpp">
      <Filter>Quellcodedateien</Filter>
    </ClCompile>
    <ClCompile Include="ob_osci.cpp">
      <Filter>Quellcodedateien</Filter>
    </ClCompile>
    <ClCompile Include="ob_particle.cpp">
      <Filter>Quellcodedateien</Filter>
    </ClCompile>
    <ClCompile Include="ob_peakdetect.cpp">
      <Filter>Quellcodedateien</Filter>
    </ClCompile>
    <ClCompile Include="ob_port_io.cpp">
      <Filter>Quellcodedateien</Filter>
    </ClCompile>
    <ClCompile Include="ob_sample_hold.cpp">
      <Filter>Quellcodedateien</Filter>
    </ClCompile>
    <ClCompile Include="ob_signal.cpp">
      <Filter>Quellcodedateien</Filter>
    </ClCompile>
    <ClCompile Include="ob_skindialog.cpp">
      <Filter>Quellcodedateien</Filter>
    </ClCompile>
    <ClCompile Include="ob_speller.cpp">
      <Filter>Quellcodedateien</Filter>
    </ClCompile>
    <ClCompile Include="ob_tcp_receive.cpp">
      <Filter>Quellcodedateien</Filter>
    </ClCompile>
    <ClCompile Include="ob_tcp_sender.cpp">
      <Filter>Quellcodedateien</Filter>
    </ClCompile>
    <ClCompile Include="ob_threshold.cpp">
      <Filter>Quellcodedateien</Filter>
    </ClCompile>
    <ClCompile Include="ob_translate.cpp">
      <Filter>Quellcodedateien</Filter>
    </ClCompile>
    <ClCompile Include="ob_wav.cpp">
      <Filter>Quellcodedateien</Filter>
    </ClCompile>
    <ClCompile Include="timer.cpp">
      <Filter>Quellcodedateien</Filter>
    </ClCompile>
    <ClCompile Include="tty.cpp">
      <Filter>Quellcodedateien</Filter>
    </ClCompile>
    <ClCompile Include="NIA.cpp">
      <Filter>Quellcodedateien</Filter>
    </ClCompile>
    <ClCompile Include="ob_neurobit.cpp">
      <Filter>Quellcodedateien</Filter>
    </ClCompile>
    <ClCompile Include="ob_min.cpp">
      <Filter>Quellcodedateien</Filter>
    </ClCompile>
    <ClCompile Include="ob_max.cpp">
      <Filter>Quellcodedateien</Filter>
    </ClCompile>
    <ClCompile Include="ob_round.cpp">
      <Filter>Quellcodedateien</Filter>
    </ClCompile>
    <ClCompile Include="ob_differentiate.cpp">
      <Filter>Quellcodedateien</Filter>
    </ClCompile>
    <ClCompile Include="ob_delay.cpp">
      <Filter>Quellcodedateien</Filter>
    </ClCompile>
    <ClCompile Include="ob_limiter.cpp">
      <Filter>Quellcodedateien</Filter>
    </ClCompile>
    <ClCompile Include="ob_emotiv.cpp">
      <Filter>Quellcodedateien</Filter>
    </ClCompile>
    <ClCompile Include="ob_displayvector.cpp">
      <Filter>Quellcodedateien</Filter>
    </ClCompile>
    <ClCompile Include="ob_floatvector.cpp">
      <Filter>Quellcodedateien</Filter>
    </ClCompile>
    <ClCompile Include="ob_vectorfloat.cpp">
      <Filter>Quellcodedateien</Filter>
    </ClCompile>
    <ClCompile Include="ob_buffer.cpp">
      <Filter>Quellcodedateien</Filter>
    </ClCompile>
    <ClCompile Include="..\lib\fidlib-0.9.10\fidlib.c">
      <Filter>Quellcodedateien</Filter>
    </ClCompile>
  </ItemGroup>
  <ItemGroup>
    <ResourceCompile Include="brainbay.rc">
      <Filter>Quellcodedateien</Filter>
    </ResourceCompile>
  </ItemGroup>
  <ItemGroup>
    <ClInclude Include="base.h">
      <Filter>Header-Dateien</Filter>
    </ClInclude>
    <ClInclude Include="brainBay.h">
      <Filter>Header-Dateien</Filter>
    </ClInclude>
    <ClInclude Include="cv.h">
      <Filter>Header-Dateien</Filter>
    </ClInclude>
    <ClInclude Include="fidlib.h">
      <Filter>Header-Dateien</Filter>
    </ClInclude>
    <ClInclude Include="highgui.h">
      <Filter>Header-Dateien</Filter>
    </ClInclude>
    <ClInclude Include="matheval.h">
      <Filter>Header-Dateien</Filter>
    </ClInclude>
    <ClInclude Include="ob_and.h">
      <Filter>Header-Dateien</Filter>
    </ClInclude>
    <ClInclude Include="ob_array3600.h">
      <Filter>Header-Dateien</Filter>
    </ClInclude>
    <ClInclude Include="ob_average.h">
      <Filter>Header-Dateien</Filter>
    </ClInclude>
    <ClInclude Include="ob_avi.h">
      <Filter>Header-Dateien</Filter>
    </ClInclude>
    <ClInclude Include="ob_ballgame.h">
      <Filter>Header-Dateien</Filter>
    </ClInclude>
    <ClInclude Include="ob_cam.h">
      <Filter>Header-Dateien</Filter>
    </ClInclude>
    <ClInclude Include="ob_com_writer.h">
      <Filter>Header-Dateien</Filter>
    </ClInclude>
    <ClInclude Include="ob_compare.h">
      <Filter>Header-Dateien</Filter>
    </ClInclude>
    <ClInclude Include="ob_comreader.h">
      <Filter>Header-Dateien</Filter>
    </ClInclude>
    <ClInclude Include="ob_constant.h">
      <Filter>Header-Dateien</Filter>
    </ClInclude>
    <ClInclude Include="ob_correlation.h">
      <Filter>Header-Dateien</Filter>
    </ClInclude>
    <ClInclude Include="ob_counter.h">
      <Filter>Header-Dateien</Filter>
    </ClInclude>
    <ClInclude Include="ob_debounce.h">
      <Filter>Header-Dateien</Filter>
    </ClInclude>
    <ClInclude Include="ob_deviation.h">
      <Filter>Header-Dateien</Filter>
    </ClInclude>
    <ClInclude Include="ob_doku.h">
      <Filter>Header-Dateien</Filter>
    </ClInclude>
    <ClInclude Include="ob_edf_reader.h">
      <Filter>Header-Dateien</Filter>
    </ClInclude>
    <ClInclude Include="ob_edf_writer.h">
      <Filter>Header-Dateien</Filter>
    </ClInclude>
    <ClInclude Include="ob_eeg.h">
      <Filter>Header-Dateien</Filter>
    </ClInclude>
    <ClInclude Include="ob_erpdetect.h">
      <Filter>Header-Dateien</Filter>
    </ClInclude>
    <ClInclude Include="ob_evaluator.h">
      <Filter>Header-Dateien</Filter>
    </ClInclude>
    <ClInclude Include="ob_fft.h">
      <Filter>Header-Dateien</Filter>
    </ClInclude>
    <ClInclude Include="ob_file_reader.h">
      <Filter>Header-Dateien</Filter>
    </ClInclude>
    <ClInclude Include="ob_file_writer.h">
      <Filter>Header-Dateien</Filter>
    </ClInclude>
    <ClInclude Include="ob_filter.h">
      <Filter>Header-Dateien</Filter>
    </ClInclude>
    <ClInclude Include="ob_integrate.h">
      <Filter>Header-Dateien</Filter>
    </ClInclude>
    <ClInclude Include="ob_keystrike.h">
      <Filter>Header-Dateien</Filter>
    </ClInclude>
    <ClInclude Include="ob_magnitude.h">
      <Filter>Header-Dateien</Filter>
    </ClInclude>
    <ClInclude Include="ob_martini.h">
      <Filter>Header-Dateien</Filter>
    </ClInclude>
    <ClInclude Include="ob_matlab.h">
      <Filter>Header-Dateien</Filter>
    </ClInclude>
    <ClInclude Include="ob_mci.h">
      <Filter>Header-Dateien</Filter>
    </ClInclude>
    <ClInclude Include="ob_midi.h">
      <Filter>Header-Dateien</Filter>
    </ClInclude>
    <ClInclude Include="ob_mixer4.h">
      <Filter>Header-Dateien</Filter>
    </ClInclude>
    <ClInclude Include="ob_mouse.h">
      <Filter>Header-Dateien</Filter>
    </ClInclude>
    <ClInclude Include="ob_not.h">
      <Filter>Header-Dateien</Filter>
    </ClInclude>
    <ClInclude Include="ob_or.h">
      <Filter>Header-Dateien</Filter>
    </ClInclude>
    <ClInclude Include="ob_osci.h">
      <Filter>Header-Dateien</Filter>
    </ClInclude>
    <ClInclude Include="ob_particle.h">
      <Filter>Header-Dateien</Filter>
    </ClInclude>
    <ClInclude Include="ob_peakdetect.h">
      <Filter>Header-Dateien</Filter>
    </ClInclude>
    <ClInclude Include="ob_port_io.h">
      <Filter>Header-Dateien</Filter>
    </ClInclude>
    <ClInclude Include="ob_sample_hold.h">
      <Filter>Header-Dateien</Filter>
    </ClInclude>
    <ClInclude Include="ob_signal.h">
      <Filter>Header-Dateien</Filter>
    </ClInclude>
    <ClInclude Include="ob_skindialog.h">
      <Filter>Header-Dateien</Filter>
    </ClInclude>
    <ClInclude Include="ob_speller.h">
      <Filter>Header-Dateien</Filter>
    </ClInclude>
    <ClInclude Include="ob_tcp_receive.h">
      <Filter>Header-Dateien</Filter>
    </ClInclude>
    <ClInclude Include="ob_tcp_sender.h">
      <Filter>Header-Dateien</Filter>
    </ClInclude>
    <ClInclude Include="ob_threshold.h">
      <Filter>Header-Dateien</Filter>
    </ClInclude>
    <ClInclude Include="ob_translate.h">
      <Filter>Header-Dateien</Filter>
    </ClInclude>
    <ClInclude Include="ob_wav.h">
      <Filter>Header-Dateien</Filter>
    </ClInclude>
    <ClInclude Include="resource.h">
      <Filter>Header-Dateien</Filter>
    </ClInclude>
    <ClInclude Include="SDL_sound.h">
      <Filter>Header-Dateien</Filter>
    </ClInclude>
    <ClInclude Include="ob_neurobit.h">
      <Filter>Header-Dateien</Filter>
    </ClInclude>
    <ClInclude Include="ob_min.h">
      <Filter>Header-Dateien</Filter>
    </ClInclude>
    <ClInclude Include="ob_max.h">
      <Filter>Header-Dateien</Filter>
    </ClInclude>
    <ClInclude Include="ob_round.h">
      <Filter>Header-Dateien</Filter>
    </ClInclude>
    <ClInclude Include="ob_differentiate.h">
      <Filter>Header-Dateien</Filter>
    </ClInclude>
    <ClInclude Include="ob_delay.h">
      <Filter>Header-Dateien</Filter>
    </ClInclude>
    <ClInclude Include="ob_limiter.h">
      <Filter>Header-Dateien</Filter>
    </ClInclude>
    <ClInclude Include="ob_emotiv.h">
      <Filter>Header-Dateien</Filter>
    </ClInclude>
    <ClInclude Include="ob_floatvector.h">
      <Filter>Header-Dateien</Filter>
    </ClInclude>
    <ClInclude Include="ob_vectorfloat.h">
      <Filter>Header-Dateien</Filter>
    </ClInclude>
    <ClInclude Include="ob_displayvector.h">
      <Filter>Header-Dateien</Filter>
    </ClInclude>
    <ClInclude Include="ob_buffer.h">
      <Filter>Header-Dateien</Filter>
    </ClInclude>
  </ItemGroup>
  <ItemGroup>
    <None Include="brainBay.ico">
      <Filter>Ressourcendateien</Filter>
    </None>
    <None Include="icon1.ico">
      <Filter>Ressourcendateien</Filter>
    </None>
    <None Include="small.ico">
      <Filter>Ressourcendateien</Filter>
    </None>
    <None Include="debug\CURSORS\dwell_arrow1.cur">
      <Filter>Ressourcendateien</Filter>
    </None>
    <None Include="debug\CURSORS\dwell_arrow6.cur">
      <Filter>Ressourcendateien</Filter>
    </None>
    <None Include="debug\CURSORS\dwell_arrow2.cur">
      <Filter>Ressourcendateien</Filter>
    </None>
    <None Include="debug\CURSORS\dwell_arrow3.cur">
      <Filter>Ressourcendateien</Filter>
    </None>
    <None Include="debug\CURSORS\dwell_arrow4.cur">
      <Filter>Ressourcendateien</Filter>
    </None>
    <None Include="debug\CURSORS\dwell_arrow5.cur">
      <Filter>Ressourcendateien</Filter>
    </None>
    <None Include="CURSORS\dwell_arrow1.cur">
      <Filter>Ressourcendateien</Filter>
    </None>
    <None Include="CURSORS\dwell_arrow6.cur">
      <Filter>Ressourcendateien</Filter>
    </None>
    <None Include="CURSORS\dwell_arrow2.cur">
      <Filter>Ressourcendateien</Filter>
    </None>
    <None Include="CURSORS\dwell_arrow3.cur">
      <Filter>Ressourcendateien</Filter>
    </None>
    <None Include="CURSORS\dwell_arrow4.cur">
      <Filter>Ressourcendateien</Filter>
    </None>
    <None Include="CURSORS\dwell_arrow5.cur">
      <Filter>Ressourcendateien</Filter>
    </None>
  </ItemGroup>
</Project>