Microsoft Visual Studio Solution File, Format Version 12.00
# Visual Studio Version 16
VisualStudioVersion = 16.0.31205.134
MinimumVisualStudioVersion = 10.0.40219.1
Project("{8BC9CEB8-8B4A-11D0-8D11-00A0C91BC942}") = "brainBay", "brainBay.vcxproj", "{34F51DF4-A039-4D04-8D61-B36367314750}"
EndProject
Global
	GlobalSection(SolutionConfigurationPlatforms) = preSolution
		Debug (Platform Toolset v100)|Win32 = Debug (Platform Toolset v100)|Win32
		Debug (Platform Toolset v100)|x86 = Debug (Platform Toolset v100)|x86
		Debug|Win32 = Debug|Win32
		Debug|x86 = Debug|x86
		Release|Win32 = Release|Win32
		Release|x86 = Release|x86
	EndGlobalSection
	GlobalSection(ProjectConfigurationPlatforms) = postSolution
		{34F51DF4-A039-4D04-8D61-B36367314750}.Debug (Platform Toolset v100)|Win32.ActiveCfg = Debug (Platform Toolset v100)|Win32
		{34F51DF4-A039-4D04-8D61-B36367314750}.Debug (Platform Toolset v100)|Win32.Build.0 = Debug (Platform Toolset v100)|Win32
		{34F51DF4-A039-4D04-8D61-B36367314750}.Debug (Platform Toolset v100)|x86.ActiveCfg = Debug (Platform Toolset v100)|Win32
		{34F51DF4-A039-4D04-8D61-B36367314750}.Debug (Platform Toolset v100)|x86.Build.0 = Debug (Platform Toolset v100)|Win32
		{34F51DF4-A039-4D04-8D61-B36367314750}.Debug|Win32.ActiveCfg = Debug|Win32
		{34F51DF4-A039-4D04-8D61-B36367314750}.Debug|Win32.Build.0 = Debug|Win32
		{34F51DF4-A039-4D04-8D61-B36367314750}.Debug|x86.ActiveCfg = Debug|Win32
		{34F51DF4-A039-4D04-8D61-B36367314750}.Debug|x86.Build.0 = Debug|Win32
		{34F51DF4-A039-4D04-8D61-B36367314750}.Release|Win32.ActiveCfg = Release|Win32
		{34F51DF4-A039-4D04-8D61-B36367314750}.Release|Win32.Build.0 = Release|Win32
		{34F51DF4-A039-4D04-8D61-B36367314750}.Release|x86.ActiveCfg = Release|Win32
		{34F51DF4-A039-4D04-8D61-B36367314750}.Release|x86.Build.0 = Release|Win32
	EndGlobalSection
	GlobalSection(SolutionProperties) = preSolution
		HideSolutionNode = FALSE
	EndGlobalSection
	GlobalSection(ExtensibilityGlobals) = postSolution
		SolutionGuid = {7F3882EC-5E33-44A7-997B-BD363CE4A05F}
	EndGlobalSection
EndGlobal
